
Microsoft Visual Studio Solution File, Format Version 12.00
# Visual Studio Version 17
VisualStudioVersion = 17.1.32328.378
MinimumVisualStudioVersion = 10.0.40219.1
Project("{9A19103F-16F7-4668-BE54-9A1E7A4F7556}") = "B-Gallery", "B-Gallery\B-Gallery.csproj", "{511BF9E3-5A3A-4FF4-B928-20C5F66B198E}"
EndProject
Global
	GlobalSection(SolutionConfigurationPlatforms) = preSolution
		Debug|Any CPU = Debug|Any CPU
		Release|Any CPU = Release|Any CPU
	EndGlobalSection
	GlobalSection(ProjectConfigurationPlatforms) = postSolution
		{511BF9E3-5A3A-4FF4-B928-20C5F66B198E}.Debug|Any CPU.ActiveCfg = Debug|Any CPU
		{511BF9E3-5A3A-4FF4-B928-20C5F66B198E}.Debug|Any CPU.Build.0 = Debug|Any CPU
		{511BF9E3-5A3A-4FF4-B928-20C5F66B198E}.Release|Any CPU.ActiveCfg = Release|Any CPU
		{511BF9E3-5A3A-4FF4-B928-20C5F66B198E}.Release|Any CPU.Build.0 = Release|Any CPU
	EndGlobalSection
	GlobalSection(SolutionProperties) = preSolution
		HideSolutionNode = FALSE
	EndGlobalSection
	GlobalSection(ExtensibilityGlobals) = postSolution
		SolutionGuid = {E0014624-424A-41EF-A519-5A2BD5F66058}
	EndGlobalSection
EndGlobal
